
Microsoft Visual Studio Solution File, Format Version 12.00
# Visual Studio Version 16
VisualStudioVersion = 16.0.30804.86
MinimumVisualStudioVersion = 10.0.40219.1
Project("{FAE04EC0-301F-11D3-BF4B-00C04F79EFBC}") = "mathnetplotform", "mathnetplotform\mathnetplotform.csproj", "{A2E55EF1-B8B0-41A1-8DCF-39CD9557F627}"
EndProject
Global
	GlobalSection(SolutionConfigurationPlatforms) = preSolution
		Debug|Any CPU = Debug|Any CPU
		Release|Any CPU = Release|Any CPU
	EndGlobalSection
	GlobalSection(ProjectConfigurationPlatforms) = postSolution
		{A2E55EF1-B8B0-41A1-8DCF-39CD9557F627}.Debug|Any CPU.ActiveCfg = Debug|Any CPU
		{A2E55EF1-B8B0-41A1-8DCF-39CD9557F627}.Debug|Any CPU.Build.0 = Debug|Any CPU
		{A2E55EF1-B8B0-41A1-8DCF-39CD9557F627}.Release|Any CPU.ActiveCfg = Release|Any CPU
		{A2E55EF1-B8B0-41A1-8DCF-39CD9557F627}.Release|Any CPU.Build.0 = Release|Any CPU
	EndGlobalSection
	GlobalSection(SolutionProperties) = preSolution
		HideSolutionNode = FALSE
	EndGlobalSection
	GlobalSection(ExtensibilityGlobals) = postSolution
		SolutionGuid = {76F54D26-2E00-4C2D-BE32-9127C4D6C3EC}
	EndGlobalSection
EndGlobal
